github.com/innermond/pak v0.0.0-20190410062905-c33eb38e4a90 h1:URQVeocHUDOWVQH2hCPcOQtNrmgQjTNnk9xQvUKTl48=
github.com/innermond/pak v0.0.0-20190410062905-c33eb38e4a90/go.mod h1:mYAAt85ei8wJivStBfEf8Ywxl6YpZ+YOGyveGBn40bo=
github.com/pkg/errors v0.8.1 h1:iURUrRGxPUNPdy5/HRSm+Yj6okJ6UtLINN0Q9M4+h3I=
github.com/pkg/errors v0.8.1/go.mod h1:bwawxfHBFNV+L2hUp1rHADufV3IMtnDRdf1r5NINEl0=
