github.com/ascarter/requestid v0.0.0-20170313220838-5b76ab3d4aee h1:3T/l+vMotQ7cDSLWNAn2Vg1SAQ3mdyLgBWWBitSS3uU=
github.com/ascarter/requestid v0.0.0-20170313220838-5b76ab3d4aee/go.mod h1:u7Wtt4WATGGgae9mURNGQQqxAudPKrxfsbSDSGOso+g=
github.com/atotto/clipboard v0.1.2 h1:YZCtFu5Ie8qX2VmVTBnrqLSiU9XOWwqNRmdT3gIQzbY=
github.com/atotto/clipboard v0.1.2/go.mod h1:ZY9tmq7sm5xIbd9bOK4onWV4S6X0u6GY7Vn0Yu86PYI=
github.com/google/uuid v1.1.1 h1:Gkbcsh/GbpXz7lPftLA3P6TYMwjCLYm83jiFQZF/3gY=
github.com/google/uuid v1.1.1/go.mod h1:TIyPZe4MgqvfeYDBFedMoGGpEw/LqOeaOT+nhxU+yHo=
github.com/innermond/pak v0.0.0-20190410062905-c33eb38e4a90 h1:URQVeocHUDOWVQH2hCPcOQtNrmgQjTNnk9xQvUKTl48=
github.com/innermond/pak v0.0.0-20190410062905-c33eb38e4a90/go.mod h1:mYAAt85ei8wJivStBfEf8Ywxl6YpZ+YOGyveGBn40bo=
github.com/pkg/errors v0.8.1 h1:iURUrRGxPUNPdy5/HRSm+Yj6okJ6UtLINN0Q9M4+h3I=
github.com/pkg/errors v0.8.1/go.mod h1:bwawxfHBFNV+L2hUp1rHADufV3IMtnDRdf1r5NINEl0=
